<?xml version="1.0" encoding="utf-8"?>
<Project ToolsVersion="4.0" xmlns="http://schemas.microsoft.com/developer/msbuild/2003">
  <ItemGroup>
    <Filter Include="Common">
      <UniqueIdentifier>97cccf79-1865-4cc4-995c-032acdbe7ac6</UniqueIdentifier>
    </Filter>
    <Filter Include="Assets">
      <UniqueIdentifier>304044ea-767d-420f-af2e-f6466482f8e4</UniqueIdentifier>
      <Extensions>ico;cur;bmp;dds;dlg;fbx;rct;bin;rgs;gif;jpg;jpeg;jpe;resx;tga;tiff;tif;png;wav;mfcribbon-ms</Extensions>
    </Filter>
    <Filter Include="Shaders">
      <UniqueIdentifier>{a818c34d-166e-4a64-a96f-387b5e2865f8}</UniqueIdentifier>
    </Filter>
    <Filter Include="Blocks">
      <UniqueIdentifier>{c4b2118b-a00e-4e79-b793-d0b6b3a23554}</UniqueIdentifier>
    </Filter>
    <Filter Include="Textures">
      <UniqueIdentifier>{aace79c6-2b09-48ca-951b-ba2a9209bf0a}</UniqueIdentifier>
    </Filter>
    <Filter Include="Render">
      <UniqueIdentifier>{1b534f0b-6519-48cb-9bc5-c6c815cdf7fe}</UniqueIdentifier>
    </Filter>
    <Filter Include="World">
      <UniqueIdentifier>{2e3dfaaf-0bc9-4919-b624-9d1a34f485e1}</UniqueIdentifier>
    </Filter>
    <Filter Include="World\Cunk">
      <UniqueIdentifier>{cc8c6174-e410-483a-b6ef-62c937b29cc7}</UniqueIdentifier>
    </Filter>
    <Filter Include="Utils">
      <UniqueIdentifier>{3cfb8a72-3aa2-4492-a546-22acd2f91d5a}</UniqueIdentifier>
    </Filter>
    <Filter Include="Graphics">
      <UniqueIdentifier>{b446c0aa-4264-4d45-9667-29ba931a7194}</UniqueIdentifier>
    </Filter>
    <Filter Include="World\Cunk\Block">
      <UniqueIdentifier>{24829d84-69c6-451c-9539-f54c5a3563d7}</UniqueIdentifier>
    </Filter>
  </ItemGroup>
  <ItemGroup>
    <ClInclude Include="pch.h" />
    <ClInclude Include="Game.h" />
    <ClInclude Include="StepTimer.h">
      <Filter>Common</Filter>
    </ClInclude>
    <ClInclude Include="DeviceResources.h">
      <Filter>Common</Filter>
    </ClInclude>
    <ClInclude Include="Camera.h" />
    <ClInclude Include="Cube.h">
      <Filter>Blocks</Filter>
    </ClInclude>
    <ClInclude Include="TexturesManager.h">
      <Filter>Textures</Filter>
    </ClInclude>
    <ClInclude Include="CubeRenderer.h">
      <Filter>Render</Filter>
    </ClInclude>
    <ClInclude Include="ShadersLoader.h">
      <Filter>Shaders</Filter>
    </ClInclude>
    <ClInclude Include="World.h">
      <Filter>World</Filter>
    </ClInclude>
    <ClInclude Include="Chunk.h">
      <Filter>World\Cunk</Filter>
    </ClInclude>
    <ClInclude Include="TextureLoader.h">
      <Filter>Textures</Filter>
    </ClInclude>
    <ClInclude Include="TextureAtlas.h">
      <Filter>Textures</Filter>
    </ClInclude>
    <ClInclude Include="MathUtils.h">
      <Filter>Utils</Filter>
    </ClInclude>
    <ClInclude Include="Mesh.h">
      <Filter>Graphics</Filter>
    </ClInclude>
    <ClInclude Include="UVCoords.h">
      <Filter>Graphics</Filter>
    </ClInclude>
    <ClInclude Include="Vertex.h">
      <Filter>Graphics</Filter>
    </ClInclude>
    <ClInclude Include="Block.h">
      <Filter>World\Cunk\Block</Filter>
    </ClInclude>
    <ClInclude Include="ChunkBlock.h">
      <Filter>World\Cunk\Block</Filter>
    </ClInclude>
    <ClInclude Include="BlockLoader.h">
      <Filter>World\Cunk\Block</Filter>
    </ClInclude>
    <ClInclude Include="BlockManager.h">
      <Filter>World\Cunk\Block</Filter>
    </ClInclude>
  </ItemGroup>
  <ItemGroup>
    <ClCompile Include="pch.cpp" />
    <ClCompile Include="Game.cpp" />
    <ClCompile Include="Main.cpp" />
    <ClCompile Include="DeviceResources.cpp">
      <Filter>Common</Filter>
    </ClCompile>
    <ClCompile Include="Camera.cpp" />
    <ClCompile Include="Cube.cpp">
      <Filter>Blocks</Filter>
    </ClCompile>
    <ClCompile Include="TexturesManager.cpp">
      <Filter>Textures</Filter>
    </ClCompile>
    <ClCompile Include="CubeRenderer.cpp">
      <Filter>Render</Filter>
    </ClCompile>
    <ClCompile Include="ShadersLoader.cpp">
      <Filter>Shaders</Filter>
    </ClCompile>
    <ClCompile Include="World.cpp">
      <Filter>World</Filter>
    </ClCompile>
    <ClCompile Include="Chunk.cpp">
      <Filter>World\Cunk</Filter>
    </ClCompile>
    <ClCompile Include="TextureLoader.cpp">
      <Filter>Textures</Filter>
    </ClCompile>
    <ClCompile Include="TextureAtlas.cpp">
      <Filter>Textures</Filter>
    </ClCompile>
    <ClCompile Include="MathUtils.cpp">
      <Filter>Utils</Filter>
    </ClCompile>
    <ClCompile Include="Mesh.cpp">
      <Filter>Graphics</Filter>
    </ClCompile>
    <ClCompile Include="UVCoords.cpp">
      <Filter>Graphics</Filter>
    </ClCompile>
    <ClCompile Include="Block.cpp">
      <Filter>World\Cunk\Block</Filter>
    </ClCompile>
    <ClCompile Include="ChunkBlock.cpp">
      <Filter>World\Cunk\Block</Filter>
    </ClCompile>
    <ClCompile Include="BlockLoader.cpp">
      <Filter>World\Cunk\Block</Filter>
    </ClCompile>
    <ClCompile Include="BlockManager.cpp">
      <Filter>World\Cunk\Block</Filter>
    </ClCompile>
  </ItemGroup>
  <ItemGroup>
    <ResourceCompile Include="resource.rc" />
  </ItemGroup>
  <ItemGroup>
    <Image Include="directx.ico">
      <Filter>Assets</Filter>
    </Image>
  </ItemGroup>
  <ItemGroup>
    <Manifest Include="settings.manifest">
      <Filter>Assets</Filter>
    </Manifest>
  </ItemGroup>
  <ItemGroup>
    <FxCompile Include="PixelShader.hlsl">
      <Filter>Shaders</Filter>
    </FxCompile>
    <FxCompile Include="VertexShader.hlsl">
      <Filter>Shaders</Filter>
    </FxCompile>
  </ItemGroup>
  <ItemGroup>
    <None Include="packages.config" />
  </ItemGroup>
</Project>