
Microsoft Visual Studio Solution File, Format Version 12.00
# Visual Studio Version 17
VisualStudioVersion = 17.8.34330.188
MinimumVisualStudioVersion = 10.0.40219.1
Project("{8BC9CEB8-8B4A-11D0-8D11-00A0C91BC942}") = "DirectMine", "DirectMine.vcxproj", "{DC6DAF84-5F0D-4C2D-8A22-35DC2081B290}"
EndProject
Global
	GlobalSection(SolutionConfigurationPlatforms) = preSolution
		Debug|x64 = Debug|x64
		Debug|x86 = Debug|x86
		Release|x64 = Release|x64
		Release|x86 = Release|x86
	EndGlobalSection
	GlobalSection(ProjectConfigurationPlatforms) = postSolution
		{DC6DAF84-5F0D-4C2D-8A22-35DC2081B290}.Debug|x64.ActiveCfg = Debug|x64
		{DC6DAF84-5F0D-4C2D-8A22-35DC2081B290}.Debug|x64.Build.0 = Debug|x64
		{DC6DAF84-5F0D-4C2D-8A22-35DC2081B290}.Debug|x86.ActiveCfg = Debug|Win32
		{DC6DAF84-5F0D-4C2D-8A22-35DC2081B290}.Debug|x86.Build.0 = Debug|Win32
		{DC6DAF84-5F0D-4C2D-8A22-35DC2081B290}.Release|x64.ActiveCfg = Release|x64
		{DC6DAF84-5F0D-4C2D-8A22-35DC2081B290}.Release|x64.Build.0 = Release|x64
		{DC6DAF84-5F0D-4C2D-8A22-35DC2081B290}.Release|x86.ActiveCfg = Release|Win32
		{DC6DAF84-5F0D-4C2D-8A22-35DC2081B290}.Release|x86.Build.0 = Release|Win32
	EndGlobalSection
	GlobalSection(SolutionProperties) = preSolution
		HideSolutionNode = FALSE
	EndGlobalSection
	GlobalSection(ExtensibilityGlobals) = postSolution
		SolutionGuid = {CA707CC1-91CA-4A5B-BE7F-A9D0D78BE8D0}
	EndGlobalSection
EndGlobal
